
Microsoft Visual Studio Solution File, Format Version 12.00
# Visual Studio Version 17
VisualStudioVersion = 17.2.32526.322
MinimumVisualStudioVersion = 10.0.40219.1
Project("{FAE04EC0-301F-11D3-BF4B-00C04F79EFBC}") = "FirstApp", "FirstApp.csproj", "{0D142950-6182-47AD-AB8E-72A9D373E49E}"
EndProject
Global
	GlobalSection(SolutionConfigurationPlatforms) = preSolution
		Debug|Any CPU = Debug|Any CPU
		Release|Any CPU = Release|Any CPU
	EndGlobalSection
	GlobalSection(ProjectConfigurationPlatforms) = postSolution
		{0D142950-6182-47AD-AB8E-72A9D373E49E}.Debug|Any CPU.ActiveCfg = Debug|Any CPU
		{0D142950-6182-47AD-AB8E-72A9D373E49E}.Debug|Any CPU.Build.0 = Debug|Any CPU
		{0D142950-6182-47AD-AB8E-72A9D373E49E}.Release|Any CPU.ActiveCfg = Release|Any CPU
		{0D142950-6182-47AD-AB8E-72A9D373E49E}.Release|Any CPU.Build.0 = Release|Any CPU
	EndGlobalSection
	GlobalSection(SolutionProperties) = preSolution
		HideSolutionNode = FALSE
	EndGlobalSection
	GlobalSection(ExtensibilityGlobals) = postSolution
		SolutionGuid = {F501B7FE-3D2F-496D-83E4-7EED5A443BD0}
	EndGlobalSection
EndGlobal
